# THIS IS AN AUTOGENERATED FILE. DO NOT EDIT THIS FILE DIRECTLY.
# yarn lockfile v1


reactn@^2.0.2:
  version "2.0.2"
  resolved "https://registry.yarnpkg.com/reactn/-/reactn-2.0.2.tgz#446d700a2bd17f418c342e2a0792a85a0a2f3e57"
  integrity sha512-jPieTQ8+py7+EkZAVwPDMcy1KyAdLfKSwcQzsp8hPYxsovjecxvAqZBhv8REu8pA1EmlWIkRbvfFeNoNNTcufA==
  dependencies:
    use-force-update "^1.0.5"

use-force-update@^1.0.5:
  version "1.0.5"
  resolved "https://registry.yarnpkg.com/use-force-update/-/use-force-update-1.0.5.tgz#9b7192f73f6cb90d592b225858c1562719d7c184"
  integrity sha512-wUWnEzE9ezjKky/V/pyEVVjfXbOsIqshrPeD6uSaA30zzdgW6XmvuJkKB64LP6qAEZvSuEDvvaVCjrmF717uAA==
